
Microsoft Visual Studio Solution File, Format Version 12.00
# Visual Studio Version 17
VisualStudioVersion = 17.13.35828.75 d17.13
MinimumVisualStudioVersion = 10.0.40219.1
Project("{FAE04EC0-301F-11D3-BF4B-00C04F79EFBC}") = "Hastane Randevu", "Hastane Randevu.csproj", "{1ED43B13-B4D5-4322-AB79-A32ECF1EB4E0}"
EndProject
Global
	GlobalSection(SolutionConfigurationPlatforms) = preSolution
		Debug|Any CPU = Debug|Any CPU
		Release|Any CPU = Release|Any CPU
	EndGlobalSection
	GlobalSection(ProjectConfigurationPlatforms) = postSolution
		{1ED43B13-B4D5-4322-AB79-A32ECF1EB4E0}.Debug|Any CPU.ActiveCfg = Debug|Any CPU
		{1ED43B13-B4D5-4322-AB79-A32ECF1EB4E0}.Debug|Any CPU.Build.0 = Debug|Any CPU
		{1ED43B13-B4D5-4322-AB79-A32ECF1EB4E0}.Release|Any CPU.ActiveCfg = Release|Any CPU
		{1ED43B13-B4D5-4322-AB79-A32ECF1EB4E0}.Release|Any CPU.Build.0 = Release|Any CPU
	EndGlobalSection
	GlobalSection(SolutionProperties) = preSolution
		HideSolutionNode = FALSE
	EndGlobalSection
	GlobalSection(ExtensibilityGlobals) = postSolution
		SolutionGuid = {1E2B2F2C-52B8-4A6A-B2AF-391C25FB9C5C}
	EndGlobalSection
EndGlobal
